// !$*UTF8*$!
{
	archiveVersion = 1;
	classes = {
	};
	objectVersion = 55;
	objects = {

/* Begin PBXBuildFile section */
		8D1635A328873604001D7372 /* AppDelegate.swift in Sources */ = {isa = PBXBuildFile; fileRef = 8D1635A228873604001D7372 /* AppDelegate.swift */; };
		8D1635A528873604001D7372 /* SceneDelegate.swift in Sources */ = {isa = PBXBuildFile; fileRef = 8D1635A428873604001D7372 /* SceneDelegate.swift */; };
		8D1635AC28873605001D7372 /* Assets.xcassets in Resources */ = {isa = PBXBuildFile; fileRef = 8D1635AB28873605001D7372 /* Assets.xcassets */; };
		8D1635AF28873605001D7372 /* LaunchScreen.storyboard in Resources */ = {isa = PBXBuildFile; fileRef = 8D1635AD28873605001D7372 /* LaunchScreen.storyboard */; };
		8D2BA69228873A6A00A8FBC7 /* SwiftyJSON in Frameworks */ = {isa = PBXBuildFile; productRef = 8D2BA69128873A6A00A8FBC7 /* SwiftyJSON */; };
		8D502C2C289921F500EC80F0 /* SearchView.swift in Sources */ = {isa = PBXBuildFile; fileRef = 8D502C2B289921F500EC80F0 /* SearchView.swift */; };
		8D5522C828969B98009D1637 /* NewsCellView.swift in Sources */ = {isa = PBXBuildFile; fileRef = 8D5522C728969B98009D1637 /* NewsCellView.swift */; };
		8D5FAE77288DB41E00F2722F /* Resolver in Frameworks */ = {isa = PBXBuildFile; productRef = 8D5FAE76288DB41E00F2722F /* Resolver */; };
		8D5FAE7A288DB66E00F2722F /* Injection+.swift in Sources */ = {isa = PBXBuildFile; fileRef = 8D5FAE79288DB66E00F2722F /* Injection+.swift */; };
		8D5FAE83288DBE7800F2722F /* MockNewsClient.swift in Sources */ = {isa = PBXBuildFile; fileRef = 8D5FAE82288DBE7800F2722F /* MockNewsClient.swift */; };
		8D5FAE93288DC39A00F2722F /* Resolver+XCTest.swift in Sources */ = {isa = PBXBuildFile; fileRef = 8D5FAE7B288DBDA400F2722F /* Resolver+XCTest.swift */; };
		8D5FAE94288DC39A00F2722F /* NewsViewModelTest.swift in Sources */ = {isa = PBXBuildFile; fileRef = 8D5FAE84288DC04C00F2722F /* NewsViewModelTest.swift */; };
		8D61AA1B2889F8300050BEDF /* NewsDetail.swift in Sources */ = {isa = PBXBuildFile; fileRef = 8D61AA1A2889F8300050BEDF /* NewsDetail.swift */; };
		8D61AA20288C7A2E0050BEDF /* NewsProvider.swift in Sources */ = {isa = PBXBuildFile; fileRef = 8D61AA1F288C7A2E0050BEDF /* NewsProvider.swift */; };
		8D61AA23288C801B0050BEDF /* Extensions.swift in Sources */ = {isa = PBXBuildFile; fileRef = 8D61AA22288C801B0050BEDF /* Extensions.swift */; };
		8D61AA25288C8D1A0050BEDF /* Endpoint.swift in Sources */ = {isa = PBXBuildFile; fileRef = 8D61AA24288C8D1A0050BEDF /* Endpoint.swift */; };
		8D61AA27288C8D420050BEDF /* RegionCodeHelper.swift in Sources */ = {isa = PBXBuildFile; fileRef = 8D61AA26288C8D420050BEDF /* RegionCodeHelper.swift */; };
		8D61AA29288C93640050BEDF /* APIClient.swift in Sources */ = {isa = PBXBuildFile; fileRef = 8D61AA28288C93640050BEDF /* APIClient.swift */; };
		8D61AA2C288CA2540050BEDF /* NewsClientProtocol.swift in Sources */ = {isa = PBXBuildFile; fileRef = 8D61AA2B288CA2540050BEDF /* NewsClientProtocol.swift */; };
		8D61AA2E288CA8730050BEDF /* NewsViewModelProtocol.swift in Sources */ = {isa = PBXBuildFile; fileRef = 8D61AA2D288CA8730050BEDF /* NewsViewModelProtocol.swift */; };
		8DE5D7492894FAB200E6CE46 /* Veximoji in Frameworks */ = {isa = PBXBuildFile; productRef = 8DE5D7482894FAB200E6CE46 /* Veximoji */; };
		8DEC6C43289107A200D1BDD5 /* Alamofire in Frameworks */ = {isa = PBXBuildFile; productRef = 8DEC6C42289107A200D1BDD5 /* Alamofire */; };
		8DEC6C542891E91B00D1BDD5 /* TabBarController.swift in Sources */ = {isa = PBXBuildFile; fileRef = 8DEC6C532891E91B00D1BDD5 /* TabBarController.swift */; };
		8DEC6C562891EEF300D1BDD5 /* NewsView.swift in Sources */ = {isa = PBXBuildFile; fileRef = 8DEC6C552891EEF300D1BDD5 /* NewsView.swift */; };
		8DEC6C5A28935F0800D1BDD5 /* Constants.swift in Sources */ = {isa = PBXBuildFile; fileRef = 8DEC6C5928935F0800D1BDD5 /* Constants.swift */; };
		8DFC200328884A38007B6E7F /* NewsClient.swift in Sources */ = {isa = PBXBuildFile; fileRef = 8DFC1FF628875171007B6E7F /* NewsClient.swift */; };
		8DFC200828884C41007B6E7F /* NewsResult.swift in Sources */ = {isa = PBXBuildFile; fileRef = 8DFC1FF8288847C6007B6E7F /* NewsResult.swift */; };
		8DFC200928884CDE007B6E7F /* News.swift in Sources */ = {isa = PBXBuildFile; fileRef = 8DFC1FFA288847DF007B6E7F /* News.swift */; };
		8DFC200A28884CE0007B6E7F /* LoginViewViewController.swift in Sources */ = {isa = PBXBuildFile; fileRef = 8D2BA69E2887489000A8FBC7 /* LoginViewViewController.swift */; };
		8DFC200B28884CE2007B6E7F /* CountryListView.swift in Sources */ = {isa = PBXBuildFile; fileRef = 8D1635A628873604001D7372 /* CountryListView.swift */; };
		8DFC201128884FCE007B6E7F /* NewsViewModel.swift in Sources */ = {isa = PBXBuildFile; fileRef = 8DFC201028884FCE007B6E7F /* NewsViewModel.swift */; };
/* End PBXBuildFile section */

/* Begin PBXContainerItemProxy section */
		8D5FAE8E288DC38400F2722F /* PBXContainerItemProxy */ = {
			isa = PBXContainerItemProxy;
			containerPortal = 8D16359728873604001D7372 /* Project object */;
			proxyType = 1;
			remoteGlobalIDString = 8D16359E28873604001D7372;
			remoteInfo = demo;
		};
/* End PBXContainerItemProxy section */

/* Begin PBXCopyFilesBuildPhase section */
		8D1635F02887364B001D7372 /* Embed Frameworks */ = {
			isa = PBXCopyFilesBuildPhase;
			buildActionMask = 2147483647;
			dstPath = "";
			dstSubfolderSpec = 10;
			files = (
			);
			name = "Embed Frameworks";
			runOnlyForDeploymentPostprocessing = 0;
		};
/* End PBXCopyFilesBuildPhase section */

/* Begin PBXFileReference section */
		8D16359F28873604001D7372 /* demo.app */ = {isa = PBXFileReference; explicitFileType = wrapper.application; includeInIndex = 0; path = demo.app; sourceTree = BUILT_PRODUCTS_DIR; };
		8D1635A228873604001D7372 /* AppDelegate.swift */ = {isa = PBXFileReference; lastKnownFileType = sourcecode.swift; path = AppDelegate.swift; sourceTree = "<group>"; };
		8D1635A428873604001D7372 /* SceneDelegate.swift */ = {isa = PBXFileReference; lastKnownFileType = sourcecode.swift; path = SceneDelegate.swift; sourceTree = "<group>"; };
		8D1635A628873604001D7372 /* CountryListView.swift */ = {isa = PBXFileReference; lastKnownFileType = sourcecode.swift; path = CountryListView.swift; sourceTree = "<group>"; };
		8D1635AB28873605001D7372 /* Assets.xcassets */ = {isa = PBXFileReference; lastKnownFileType = folder.assetcatalog; path = Assets.xcassets; sourceTree = "<group>"; };
		8D1635AE28873605001D7372 /* Base */ = {isa = PBXFileReference; lastKnownFileType = file.storyboard; name = Base; path = Base.lproj/LaunchScreen.storyboard; sourceTree = "<group>"; };
		8D1635B028873605001D7372 /* Info.plist */ = {isa = PBXFileReference; lastKnownFileType = text.plist.xml; path = Info.plist; sourceTree = "<group>"; };
		8D2BA69E2887489000A8FBC7 /* LoginViewViewController.swift */ = {isa = PBXFileReference; lastKnownFileType = sourcecode.swift; path = LoginViewViewController.swift; sourceTree = "<group>"; };
		8D502C2B289921F500EC80F0 /* SearchView.swift */ = {isa = PBXFileReference; lastKnownFileType = sourcecode.swift; path = SearchView.swift; sourceTree = "<group>"; };
		8D5522C728969B98009D1637 /* NewsCellView.swift */ = {isa = PBXFileReference; lastKnownFileType = sourcecode.swift; path = NewsCellView.swift; sourceTree = "<group>"; };
		8D5FAE79288DB66E00F2722F /* Injection+.swift */ = {isa = PBXFileReference; lastKnownFileType = sourcecode.swift; path = "Injection+.swift"; sourceTree = "<group>"; };
		8D5FAE7B288DBDA400F2722F /* Resolver+XCTest.swift */ = {isa = PBXFileReference; lastKnownFileType = sourcecode.swift; path = "Resolver+XCTest.swift"; sourceTree = "<group>"; };
		8D5FAE82288DBE7800F2722F /* MockNewsClient.swift */ = {isa = PBXFileReference; lastKnownFileType = sourcecode.swift; path = MockNewsClient.swift; sourceTree = "<group>"; };
		8D5FAE84288DC04C00F2722F /* NewsViewModelTest.swift */ = {isa = PBXFileReference; lastKnownFileType = sourcecode.swift; path = NewsViewModelTest.swift; sourceTree = "<group>"; };
		8D5FAE8A288DC38400F2722F /* demoTests.xctest */ = {isa = PBXFileReference; explicitFileType = wrapper.cfbundle; includeInIndex = 0; path = demoTests.xctest; sourceTree = BUILT_PRODUCTS_DIR; };
		8D61AA1A2889F8300050BEDF /* NewsDetail.swift */ = {isa = PBXFileReference; lastKnownFileType = sourcecode.swift; path = NewsDetail.swift; sourceTree = "<group>"; };
		8D61AA1F288C7A2E0050BEDF /* NewsProvider.swift */ = {isa = PBXFileReference; lastKnownFileType = sourcecode.swift; path = NewsProvider.swift; sourceTree = "<group>"; };
		8D61AA22288C801B0050BEDF /* Extensions.swift */ = {isa = PBXFileReference; lastKnownFileType = sourcecode.swift; path = Extensions.swift; sourceTree = "<group>"; };
		8D61AA24288C8D1A0050BEDF /* Endpoint.swift */ = {isa = PBXFileReference; lastKnownFileType = sourcecode.swift; path = Endpoint.swift; sourceTree = "<group>"; };
		8D61AA26288C8D420050BEDF /* RegionCodeHelper.swift */ = {isa = PBXFileReference; lastKnownFileType = sourcecode.swift; path = RegionCodeHelper.swift; sourceTree = "<group>"; };
		8D61AA28288C93640050BEDF /* APIClient.swift */ = {isa = PBXFileReference; lastKnownFileType = sourcecode.swift; path = APIClient.swift; sourceTree = "<group>"; };
		8D61AA2B288CA2540050BEDF /* NewsClientProtocol.swift */ = {isa = PBXFileReference; lastKnownFileType = sourcecode.swift; path = NewsClientProtocol.swift; sourceTree = "<group>"; };
		8D61AA2D288CA8730050BEDF /* NewsViewModelProtocol.swift */ = {isa = PBXFileReference; lastKnownFileType = sourcecode.swift; path = NewsViewModelProtocol.swift; sourceTree = "<group>"; };
		8DEC6C532891E91B00D1BDD5 /* TabBarController.swift */ = {isa = PBXFileReference; lastKnownFileType = sourcecode.swift; path = TabBarController.swift; sourceTree = "<group>"; };
		8DEC6C552891EEF300D1BDD5 /* NewsView.swift */ = {isa = PBXFileReference; lastKnownFileType = sourcecode.swift; path = NewsView.swift; sourceTree = "<group>"; };
		8DEC6C5928935F0800D1BDD5 /* Constants.swift */ = {isa = PBXFileReference; lastKnownFileType = sourcecode.swift; path = Constants.swift; sourceTree = "<group>"; };
		8DFC1FF628875171007B6E7F /* NewsClient.swift */ = {isa = PBXFileReference; lastKnownFileType = sourcecode.swift; path = NewsClient.swift; sourceTree = "<group>"; };
		8DFC1FF8288847C6007B6E7F /* NewsResult.swift */ = {isa = PBXFileReference; lastKnownFileType = sourcecode.swift; path = NewsResult.swift; sourceTree = "<group>"; };
		8DFC1FFA288847DF007B6E7F /* News.swift */ = {isa = PBXFileReference; lastKnownFileType = sourcecode.swift; path = News.swift; sourceTree = "<group>"; };
		8DFC201028884FCE007B6E7F /* NewsViewModel.swift */ = {isa = PBXFileReference; lastKnownFileType = sourcecode.swift; path = NewsViewModel.swift; sourceTree = "<group>"; };
/* End PBXFileReference section */

/* Begin PBXFrameworksBuildPhase section */
		8D16359C28873604001D7372 /* Frameworks */ = {
			isa = PBXFrameworksBuildPhase;
			buildActionMask = 2147483647;
			files = (
				8DEC6C43289107A200D1BDD5 /* Alamofire in Frameworks */,
				8D5FAE77288DB41E00F2722F /* Resolver in Frameworks */,
				8D2BA69228873A6A00A8FBC7 /* SwiftyJSON in Frameworks */,
				8DE5D7492894FAB200E6CE46 /* Veximoji in Frameworks */,
			);
			runOnlyForDeploymentPostprocessing = 0;
		};
		8D5FAE87288DC38400F2722F /* Frameworks */ = {
			isa = PBXFrameworksBuildPhase;
			buildActionMask = 2147483647;
			files = (
			);
			runOnlyForDeploymentPostprocessing = 0;
		};
/* End PBXFrameworksBuildPhase section */

/* Begin PBXGroup section */
		8D16359628873604001D7372 = {
			isa = PBXGroup;
			children = (
				8D1635A128873604001D7372 /* demo */,
				8D5FAE8B288DC38400F2722F /* demoTests */,
				8D1635A028873604001D7372 /* Products */,
				8D163636288736CD001D7372 /* Frameworks */,
			);
			sourceTree = "<group>";
		};
		8D1635A028873604001D7372 /* Products */ = {
			isa = PBXGroup;
			children = (
				8D16359F28873604001D7372 /* demo.app */,
				8D5FAE8A288DC38400F2722F /* demoTests.xctest */,
			);
			name = Products;
			sourceTree = "<group>";
		};
		8D1635A128873604001D7372 /* demo */ = {
			isa = PBXGroup;
			children = (
				8D5FAE78288DB63B00F2722F /* Injection */,
				8DFC200F28884E3B007B6E7F /* Services */,
				8DFC200C28884E24007B6E7F /* Models */,
				8DFC200E28884E34007B6E7F /* NewsDomain */,
				8DFC200D28884E2D007B6E7F /* ViewModels */,
				8D61AA21288C80090050BEDF /* Extensions */,
				8D1635A228873604001D7372 /* AppDelegate.swift */,
				8D1635A428873604001D7372 /* SceneDelegate.swift */,
				8D1635AB28873605001D7372 /* Assets.xcassets */,
				8D1635AD28873605001D7372 /* LaunchScreen.storyboard */,
				8D1635B028873605001D7372 /* Info.plist */,
			);
			path = demo;
			sourceTree = "<group>";
		};
		8D163636288736CD001D7372 /* Frameworks */ = {
			isa = PBXGroup;
			children = (
			);
			name = Frameworks;
			sourceTree = "<group>";
		};
		8D502C292899217D00EC80F0 /* TabbarController */ = {
			isa = PBXGroup;
			children = (
				8DEC6C532891E91B00D1BDD5 /* TabBarController.swift */,
				8D502C2A289921B700EC80F0 /* Views */,
			);
			path = TabbarController;
			sourceTree = "<group>";
		};
		8D502C2A289921B700EC80F0 /* Views */ = {
			isa = PBXGroup;
			children = (
				8D1635A628873604001D7372 /* CountryListView.swift */,
				8DEC6C552891EEF300D1BDD5 /* NewsView.swift */,
				8D502C2B289921F500EC80F0 /* SearchView.swift */,
			);
			path = Views;
			sourceTree = "<group>";
		};
		8D5522C62896827D009D1637 /* cell */ = {
			isa = PBXGroup;
			children = (
				8D5522C728969B98009D1637 /* NewsCellView.swift */,
			);
			path = cell;
			sourceTree = "<group>";
		};
		8D5FAE78288DB63B00F2722F /* Injection */ = {
			isa = PBXGroup;
			children = (
				8D5FAE79288DB66E00F2722F /* Injection+.swift */,
			);
			path = Injection;
			sourceTree = "<group>";
		};
		8D5FAE7D288DBE0B00F2722F /* Mocks */ = {
			isa = PBXGroup;
			children = (
				8D5FAE82288DBE7800F2722F /* MockNewsClient.swift */,
			);
			path = Mocks;
			sourceTree = "<group>";
		};
		8D5FAE8B288DC38400F2722F /* demoTests */ = {
			isa = PBXGroup;
			children = (
				8D5FAE7D288DBE0B00F2722F /* Mocks */,
				8D5FAE7B288DBDA400F2722F /* Resolver+XCTest.swift */,
				8D5FAE84288DC04C00F2722F /* NewsViewModelTest.swift */,
			);
			path = demoTests;
			sourceTree = "<group>";
		};
		8D61AA21288C80090050BEDF /* Extensions */ = {
			isa = PBXGroup;
			children = (
				8D61AA22288C801B0050BEDF /* Extensions.swift */,
				8D61AA26288C8D420050BEDF /* RegionCodeHelper.swift */,
				8DEC6C5928935F0800D1BDD5 /* Constants.swift */,
			);
			path = Extensions;
			sourceTree = "<group>";
		};
		8D61AA2A288CA1B00050BEDF /* News */ = {
			isa = PBXGroup;
			children = (
				8D61AA1F288C7A2E0050BEDF /* NewsProvider.swift */,
				8DFC1FF628875171007B6E7F /* NewsClient.swift */,
				8D61AA2B288CA2540050BEDF /* NewsClientProtocol.swift */,
			);
			path = News;
			sourceTree = "<group>";
		};
		8DFC200C28884E24007B6E7F /* Models */ = {
			isa = PBXGroup;
			children = (
				8DFC1FFA288847DF007B6E7F /* News.swift */,
				8DFC1FF8288847C6007B6E7F /* NewsResult.swift */,
			);
			path = Models;
			sourceTree = "<group>";
		};
		8DFC200D28884E2D007B6E7F /* ViewModels */ = {
			isa = PBXGroup;
			children = (
				8DFC201028884FCE007B6E7F /* NewsViewModel.swift */,
				8D61AA2D288CA8730050BEDF /* NewsViewModelProtocol.swift */,
			);
			path = ViewModels;
			sourceTree = "<group>";
		};
		8DFC200E28884E34007B6E7F /* NewsDomain */ = {
			isa = PBXGroup;
			children = (
				8D2BA69E2887489000A8FBC7 /* LoginViewViewController.swift */,
				8D502C292899217D00EC80F0 /* TabbarController */,
				8D5522C62896827D009D1637 /* cell */,
				8D61AA1A2889F8300050BEDF /* NewsDetail.swift */,
			);
			path = NewsDomain;
			sourceTree = "<group>";
		};
		8DFC200F28884E3B007B6E7F /* Services */ = {
			isa = PBXGroup;
			children = (
				8D61AA2A288CA1B00050BEDF /* News */,
				8D61AA24288C8D1A0050BEDF /* Endpoint.swift */,
				8D61AA28288C93640050BEDF /* APIClient.swift */,
			);
			path = Services;
			sourceTree = "<group>";
		};
/* End PBXGroup section */

/* Begin PBXNativeTarget section */
		8D16359E28873604001D7372 /* demo */ = {
			isa = PBXNativeTarget;
			buildConfigurationList = 8D1635C928873605001D7372 /* Build configuration list for PBXNativeTarget "demo" */;
			buildPhases = (
				8D16359B28873604001D7372 /* Sources */,
				8D16359C28873604001D7372 /* Frameworks */,
				8D16359D28873604001D7372 /* Resources */,
				8D1635F02887364B001D7372 /* Embed Frameworks */,
			);
			buildRules = (
			);
			dependencies = (
			);
			name = demo;
			packageProductDependencies = (
				8D2BA69128873A6A00A8FBC7 /* SwiftyJSON */,
				8D5FAE76288DB41E00F2722F /* Resolver */,
				8DEC6C42289107A200D1BDD5 /* Alamofire */,
				8DE5D7482894FAB200E6CE46 /* Veximoji */,
			);
			productName = demo;
			productReference = 8D16359F28873604001D7372 /* demo.app */;
			productType = "com.apple.product-type.application";
		};
		8D5FAE89288DC38400F2722F /* demoTests */ = {
			isa = PBXNativeTarget;
			buildConfigurationList = 8D5FAE90288DC38400F2722F /* Build configuration list for PBXNativeTarget "demoTests" */;
			buildPhases = (
				8D5FAE86288DC38400F2722F /* Sources */,
				8D5FAE87288DC38400F2722F /* Frameworks */,
				8D5FAE88288DC38400F2722F /* Resources */,
			);
			buildRules = (
			);
			dependencies = (
				8D5FAE8F288DC38400F2722F /* PBXTargetDependency */,
			);
			name = demoTests;
			productName = demoTests;
			productReference = 8D5FAE8A288DC38400F2722F /* demoTests.xctest */;
			productType = "com.apple.product-type.bundle.unit-test";
		};
/* End PBXNativeTarget section */

/* Begin PBXProject section */
		8D16359728873604001D7372 /* Project object */ = {
			isa = PBXProject;
			attributes = {
				BuildIndependentTargetsInParallel = 1;
				LastSwiftUpdateCheck = 1340;
				LastUpgradeCheck = 1340;
				TargetAttributes = {
					8D16359E28873604001D7372 = {
						CreatedOnToolsVersion = 13.4.1;
					};
					8D5FAE89288DC38400F2722F = {
						CreatedOnToolsVersion = 13.4.1;
						TestTargetID = 8D16359E28873604001D7372;
					};
				};
			};
			buildConfigurationList = 8D16359A28873604001D7372 /* Build configuration list for PBXProject "demo" */;
			compatibilityVersion = "Xcode 13.0";
			developmentRegion = en;
			hasScannedForEncodings = 0;
			knownRegions = (
				en,
				Base,
			);
			mainGroup = 8D16359628873604001D7372;
			packageReferences = (
				8D2BA69028873A6A00A8FBC7 /* XCRemoteSwiftPackageReference "SwiftyJSON" */,
				8D5FAE75288DB41E00F2722F /* XCRemoteSwiftPackageReference "Resolver" */,
				8DEC6C41289107A200D1BDD5 /* XCRemoteSwiftPackageReference "Alamofire" */,
				8DE5D7472894FAB200E6CE46 /* XCRemoteSwiftPackageReference "Veximoji" */,
			);
			productRefGroup = 8D1635A028873604001D7372 /* Products */;
			projectDirPath = "";
			projectRoot = "";
			targets = (
				8D16359E28873604001D7372 /* demo */,
				8D5FAE89288DC38400F2722F /* demoTests */,
			);
		};
/* End PBXProject section */

/* Begin PBXResourcesBuildPhase section */
		8D16359D28873604001D7372 /* Resources */ = {
			isa = PBXResourcesBuildPhase;
			buildActionMask = 2147483647;
			files = (
				8D1635AF28873605001D7372 /* LaunchScreen.storyboard in Resources */,
				8D1635AC28873605001D7372 /* Assets.xcassets in Resources */,
			);
			runOnlyForDeploymentPostprocessing = 0;
		};
		8D5FAE88288DC38400F2722F /* Resources */ = {
			isa = PBXResourcesBuildPhase;
			buildActionMask = 2147483647;
			files = (
			);
			runOnlyForDeploymentPostprocessing = 0;
		};
/* End PBXResourcesBuildPhase section */

/* Begin PBXSourcesBuildPhase section */
		8D16359B28873604001D7372 /* Sources */ = {
			isa = PBXSourcesBuildPhase;
			buildActionMask = 2147483647;
			files = (
				8DFC200928884CDE007B6E7F /* News.swift in Sources */,
				8DEC6C5A28935F0800D1BDD5 /* Constants.swift in Sources */,
				8D5FAE83288DBE7800F2722F /* MockNewsClient.swift in Sources */,
				8D61AA2C288CA2540050BEDF /* NewsClientProtocol.swift in Sources */,
				8D61AA20288C7A2E0050BEDF /* NewsProvider.swift in Sources */,
				8DFC200828884C41007B6E7F /* NewsResult.swift in Sources */,
				8D61AA29288C93640050BEDF /* APIClient.swift in Sources */,
				8D61AA23288C801B0050BEDF /* Extensions.swift in Sources */,
				8DEC6C562891EEF300D1BDD5 /* NewsView.swift in Sources */,
				8D5522C828969B98009D1637 /* NewsCellView.swift in Sources */,
				8D1635A328873604001D7372 /* AppDelegate.swift in Sources */,
				8D61AA1B2889F8300050BEDF /* NewsDetail.swift in Sources */,
				8DFC200B28884CE2007B6E7F /* CountryListView.swift in Sources */,
				8D502C2C289921F500EC80F0 /* SearchView.swift in Sources */,
				8DFC200A28884CE0007B6E7F /* LoginViewViewController.swift in Sources */,
				8D1635A528873604001D7372 /* SceneDelegate.swift in Sources */,
				8D61AA25288C8D1A0050BEDF /* Endpoint.swift in Sources */,
				8DEC6C542891E91B00D1BDD5 /* TabBarController.swift in Sources */,
				8D61AA27288C8D420050BEDF /* RegionCodeHelper.swift in Sources */,
				8DFC201128884FCE007B6E7F /* NewsViewModel.swift in Sources */,
				8D5FAE7A288DB66E00F2722F /* Injection+.swift in Sources */,
				8D61AA2E288CA8730050BEDF /* NewsViewModelProtocol.swift in Sources */,
				8DFC200328884A38007B6E7F /* NewsClient.swift in Sources */,
			);
			runOnlyForDeploymentPostprocessing = 0;
		};
		8D5FAE86288DC38400F2722F /* Sources */ = {
			isa = PBXSourcesBuildPhase;
			buildActionMask = 2147483647;
			files = (
				8D5FAE93288DC39A00F2722F /* Resolver+XCTest.swift in Sources */,
				8D5FAE94288DC39A00F2722F /* NewsViewModelTest.swift in Sources */,
			);
			runOnlyForDeploymentPostprocessing = 0;
		};
/* End PBXSourcesBuildPhase section */

/* Begin PBXTargetDependency section */
		8D5FAE8F288DC38400F2722F /* PBXTargetDependency */ = {
			isa = PBXTargetDependency;
			target = 8D16359E28873604001D7372 /* demo */;
			targetProxy = 8D5FAE8E288DC38400F2722F /* PBXContainerItemProxy */;
		};
/* End PBXTargetDependency section */

/* Begin PBXVariantGroup section */
		8D1635AD28873605001D7372 /* LaunchScreen.storyboard */ = {
			isa = PBXVariantGroup;
			children = (
				8D1635AE28873605001D7372 /* Base */,
			);
			name = LaunchScreen.storyboard;
			sourceTree = "<group>";
		};
/* End PBXVariantGroup section */

/* Begin XCBuildConfiguration section */
		8D1635C728873605001D7372 /* Debug */ = {
			isa = XCBuildConfiguration;
			buildSettings = {
				ALWAYS_SEARCH_USER_PATHS = NO;
				CLANG_ANALYZER_NONNULL = YES;
				CLANG_ANALYZER_NUMBER_OBJECT_CONVERSION = YES_AGGRESSIVE;
				CLANG_CXX_LANGUAGE_STANDARD = "gnu++17";
				CLANG_ENABLE_MODULES = YES;
				CLANG_ENABLE_OBJC_ARC = YES;
				CLANG_ENABLE_OBJC_WEAK = YES;
				CLANG_WARN_BLOCK_CAPTURE_AUTORELEASING = YES;
				CLANG_WARN_BOOL_CONVERSION = YES;
				CLANG_WARN_COMMA = YES;
				CLANG_WARN_CONSTANT_CONVERSION = YES;
				CLANG_WARN_DEPRECATED_OBJC_IMPLEMENTATIONS = YES;
				CLANG_WARN_DIRECT_OBJC_ISA_USAGE = YES_ERROR;
				CLANG_WARN_DOCUMENTATION_COMMENTS = YES;
				CLANG_WARN_EMPTY_BODY = YES;
				CLANG_WARN_ENUM_CONVERSION = YES;
				CLANG_WARN_INFINITE_RECURSION = YES;
				CLANG_WARN_INT_CONVERSION = YES;
				CLANG_WARN_NON_LITERAL_NULL_CONVERSION = YES;
				CLANG_WARN_OBJC_IMPLICIT_RETAIN_SELF = YES;
				CLANG_WARN_OBJC_LITERAL_CONVERSION = YES;
				CLANG_WARN_OBJC_ROOT_CLASS = YES_ERROR;
				CLANG_WARN_QUOTED_INCLUDE_IN_FRAMEWORK_HEADER = YES;
				CLANG_WARN_RANGE_LOOP_ANALYSIS = YES;
				CLANG_WARN_STRICT_PROTOTYPES = YES;
				CLANG_WARN_SUSPICIOUS_MOVE = YES;
				CLANG_WARN_UNGUARDED_AVAILABILITY = YES_AGGRESSIVE;
				CLANG_WARN_UNREACHABLE_CODE = YES;
				CLANG_WARN__DUPLICATE_METHOD_MATCH = YES;
				COPY_PHASE_STRIP = NO;
				DEBUG_INFORMATION_FORMAT = dwarf;
				ENABLE_STRICT_OBJC_MSGSEND = YES;
				ENABLE_TESTABILITY = YES;
				GCC_C_LANGUAGE_STANDARD = gnu11;
				GCC_DYNAMIC_NO_PIC = NO;
				GCC_NO_COMMON_BLOCKS = YES;
				GCC_OPTIMIZATION_LEVEL = 0;
				GCC_PREPROCESSOR_DEFINITIONS = (
					"DEBUG=1",
					"$(inherited)",
				);
				GCC_WARN_64_TO_32_BIT_CONVERSION = YES;
				GCC_WARN_ABOUT_RETURN_TYPE = YES_ERROR;
				GCC_WARN_UNDECLARED_SELECTOR = YES;
				GCC_WARN_UNINITIALIZED_AUTOS = YES_AGGRESSIVE;
				GCC_WARN_UNUSED_FUNCTION = YES;
				GCC_WARN_UNUSED_VARIABLE = YES;
				IPHONEOS_DEPLOYMENT_TARGET = 15.5;
				MTL_ENABLE_DEBUG_INFO = INCLUDE_SOURCE;
				MTL_FAST_MATH = YES;
				ONLY_ACTIVE_ARCH = YES;
				SDKROOT = iphoneos;
				SWIFT_ACTIVE_COMPILATION_CONDITIONS = DEBUG;
				SWIFT_OPTIMIZATION_LEVEL = "-Onone";
			};
			name = Debug;
		};
		8D1635C828873605001D7372 /* Release */ = {
			isa = XCBuildConfiguration;
			buildSettings = {
				ALWAYS_SEARCH_USER_PATHS = NO;
				CLANG_ANALYZER_NONNULL = YES;
				CLANG_ANALYZER_NUMBER_OBJECT_CONVERSION = YES_AGGRESSIVE;
				CLANG_CXX_LANGUAGE_STANDARD = "gnu++17";
				CLANG_ENABLE_MODULES = YES;
				CLANG_ENABLE_OBJC_ARC = YES;
				CLANG_ENABLE_OBJC_WEAK = YES;
				CLANG_WARN_BLOCK_CAPTURE_AUTORELEASING = YES;
				CLANG_WARN_BOOL_CONVERSION = YES;
				CLANG_WARN_COMMA = YES;
				CLANG_WARN_CONSTANT_CONVERSION = YES;
				CLANG_WARN_DEPRECATED_OBJC_IMPLEMENTATIONS = YES;
				CLANG_WARN_DIRECT_OBJC_ISA_USAGE = YES_ERROR;
				CLANG_WARN_DOCUMENTATION_COMMENTS = YES;
				CLANG_WARN_EMPTY_BODY = YES;
				CLANG_WARN_ENUM_CONVERSION = YES;
				CLANG_WARN_INFINITE_RECURSION = YES;
				CLANG_WARN_INT_CONVERSION = YES;
				CLANG_WARN_NON_LITERAL_NULL_CONVERSION = YES;
				CLANG_WARN_OBJC_IMPLICIT_RETAIN_SELF = YES;
				CLANG_WARN_OBJC_LITERAL_CONVERSION = YES;
				CLANG_WARN_OBJC_ROOT_CLASS = YES_ERROR;
				CLANG_WARN_QUOTED_INCLUDE_IN_FRAMEWORK_HEADER = YES;
				CLANG_WARN_RANGE_LOOP_ANALYSIS = YES;
				CLANG_WARN_STRICT_PROTOTYPES = YES;
				CLANG_WARN_SUSPICIOUS_MOVE = YES;
				CLANG_WARN_UNGUARDED_AVAILABILITY = YES_AGGRESSIVE;
				CLANG_WARN_UNREACHABLE_CODE = YES;
				CLANG_WARN__DUPLICATE_METHOD_MATCH = YES;
				COPY_PHASE_STRIP = NO;
				DEBUG_INFORMATION_FORMAT = "dwarf-with-dsym";
				ENABLE_NS_ASSERTIONS = NO;
				ENABLE_STRICT_OBJC_MSGSEND = YES;
				GCC_C_LANGUAGE_STANDARD = gnu11;
				GCC_NO_COMMON_BLOCKS = YES;
				GCC_WARN_64_TO_32_BIT_CONVERSION = YES;
				GCC_WARN_ABOUT_RETURN_TYPE = YES_ERROR;
				GCC_WARN_UNDECLARED_SELECTOR = YES;
				GCC_WARN_UNINITIALIZED_AUTOS = YES_AGGRESSIVE;
				GCC_WARN_UNUSED_FUNCTION = YES;
				GCC_WARN_UNUSED_VARIABLE = YES;
				IPHONEOS_DEPLOYMENT_TARGET = 15.5;
				MTL_ENABLE_DEBUG_INFO = NO;
				MTL_FAST_MATH = YES;
				SDKROOT = iphoneos;
				SWIFT_COMPILATION_MODE = wholemodule;
				SWIFT_OPTIMIZATION_LEVEL = "-O";
				VALIDATE_PRODUCT = YES;
			};
			name = Release;
		};
		8D1635CA28873605001D7372 /* Debug */ = {
			isa = XCBuildConfiguration;
			buildSettings = {
				ASSETCATALOG_COMPILER_APPICON_NAME = AppIcon;
				ASSETCATALOG_COMPILER_GLOBAL_ACCENT_COLOR_NAME = AccentColor;
				CODE_SIGN_STYLE = Automatic;
				CURRENT_PROJECT_VERSION = 1;
				DEVELOPMENT_TEAM = RMFRRSQ9CJ;
				GENERATE_INFOPLIST_FILE = YES;
				INFOPLIST_FILE = demo/Info.plist;
				INFOPLIST_KEY_UIApplicationSupportsIndirectInputEvents = YES;
				INFOPLIST_KEY_UILaunchStoryboardName = LaunchScreen;
				INFOPLIST_KEY_UISupportedInterfaceOrientations_iPad = "UIInterfaceOrientationPortrait UIInterfaceOrientationPortraitUpsideDown UIInterfaceOrientationLandscapeLeft UIInterfaceOrientationLandscapeRight";
				INFOPLIST_KEY_UISupportedInterfaceOrientations_iPhone = "UIInterfaceOrientationPortrait UIInterfaceOrientationLandscapeLeft UIInterfaceOrientationLandscapeRight";
				LD_RUNPATH_SEARCH_PATHS = (
					"$(inherited)",
					"@executable_path/Frameworks",
				);
				MARKETING_VERSION = 1.0;
				PRODUCT_BUNDLE_IDENTIFIER = yuhsuan.demo;
				PRODUCT_NAME = "$(TARGET_NAME)";
				SWIFT_EMIT_LOC_STRINGS = YES;
				SWIFT_VERSION = 5.0;
				TARGETED_DEVICE_FAMILY = "1,2";
			};
			name = Debug;
		};
		8D1635CB28873605001D7372 /* Release */ = {
			isa = XCBuildConfiguration;
			buildSettings = {
				ASSETCATALOG_COMPILER_APPICON_NAME = AppIcon;
				ASSETCATALOG_COMPILER_GLOBAL_ACCENT_COLOR_NAME = AccentColor;
				CODE_SIGN_STYLE = Automatic;
				CURRENT_PROJECT_VERSION = 1;
				DEVELOPMENT_TEAM = RMFRRSQ9CJ;
				GENERATE_INFOPLIST_FILE = YES;
				INFOPLIST_FILE = demo/Info.plist;
				INFOPLIST_KEY_UIApplicationSupportsIndirectInputEvents = YES;
				INFOPLIST_KEY_UILaunchStoryboardName = LaunchScreen;
				INFOPLIST_KEY_UISupportedInterfaceOrientations_iPad = "UIInterfaceOrientationPortrait UIInterfaceOrientationPortraitUpsideDown UIInterfaceOrientationLandscapeLeft UIInterfaceOrientationLandscapeRight";
				INFOPLIST_KEY_UISupportedInterfaceOrientations_iPhone = "UIInterfaceOrientationPortrait UIInterfaceOrientationLandscapeLeft UIInterfaceOrientationLandscapeRight";
				LD_RUNPATH_SEARCH_PATHS = (
					"$(inherited)",
					"@executable_path/Frameworks",
				);
				MARKETING_VERSION = 1.0;
				PRODUCT_BUNDLE_IDENTIFIER = yuhsuan.demo;
				PRODUCT_NAME = "$(TARGET_NAME)";
				SWIFT_EMIT_LOC_STRINGS = YES;
				SWIFT_VERSION = 5.0;
				TARGETED_DEVICE_FAMILY = "1,2";
			};
			name = Release;
		};
		8D5FAE91288DC38400F2722F /* Debug */ = {
			isa = XCBuildConfiguration;
			buildSettings = {
				BUNDLE_LOADER = "$(TEST_HOST)";
				CODE_SIGN_STYLE = Automatic;
				CURRENT_PROJECT_VERSION = 1;
				DEVELOPMENT_TEAM = RMFRRSQ9CJ;
				GENERATE_INFOPLIST_FILE = YES;
				MARKETING_VERSION = 1.0;
				PRODUCT_BUNDLE_IDENTIFIER = yuhsuan.demoTests;
				PRODUCT_NAME = "$(TARGET_NAME)";
				SWIFT_EMIT_LOC_STRINGS = NO;
				SWIFT_VERSION = 5.0;
				TARGETED_DEVICE_FAMILY = "1,2";
				TEST_HOST = "$(BUILT_PRODUCTS_DIR)/demo.app/demo";
			};
			name = Debug;
		};
		8D5FAE92288DC38400F2722F /* Release */ = {
			isa = XCBuildConfiguration;
			buildSettings = {
				BUNDLE_LOADER = "$(TEST_HOST)";
				CODE_SIGN_STYLE = Automatic;
				CURRENT_PROJECT_VERSION = 1;
				DEVELOPMENT_TEAM = RMFRRSQ9CJ;
				GENERATE_INFOPLIST_FILE = YES;
				MARKETING_VERSION = 1.0;
				PRODUCT_BUNDLE_IDENTIFIER = yuhsuan.demoTests;
				PRODUCT_NAME = "$(TARGET_NAME)";
				SWIFT_EMIT_LOC_STRINGS = NO;
				SWIFT_VERSION = 5.0;
				TARGETED_DEVICE_FAMILY = "1,2";
				TEST_HOST = "$(BUILT_PRODUCTS_DIR)/demo.app/demo";
			};
			name = Release;
		};
/* End XCBuildConfiguration section */

/* Begin XCConfigurationList section */
		8D16359A28873604001D7372 /* Build configuration list for PBXProject "demo" */ = {
			isa = XCConfigurationList;
			buildConfigurations = (
				8D1635C728873605001D7372 /* Debug */,
				8D1635C828873605001D7372 /* Release */,
			);
			defaultConfigurationIsVisible = 0;
			defaultConfigurationName = Release;
		};
		8D1635C928873605001D7372 /* Build configuration list for PBXNativeTarget "demo" */ = {
			isa = XCConfigurationList;
			buildConfigurations = (
				8D1635CA28873605001D7372 /* Debug */,
				8D1635CB28873605001D7372 /* Release */,
			);
			defaultConfigurationIsVisible = 0;
			defaultConfigurationName = Release;
		};
		8D5FAE90288DC38400F2722F /* Build configuration list for PBXNativeTarget "demoTests" */ = {
			isa = XCConfigurationList;
			buildConfigurations = (
				8D5FAE91288DC38400F2722F /* Debug */,
				8D5FAE92288DC38400F2722F /* Release */,
			);
			defaultConfigurationIsVisible = 0;
			defaultConfigurationName = Release;
		};
/* End XCConfigurationList section */

/* Begin XCRemoteSwiftPackageReference section */
		8D2BA69028873A6A00A8FBC7 /* XCRemoteSwiftPackageReference "SwiftyJSON" */ = {
			isa = XCRemoteSwiftPackageReference;
			repositoryURL = "https://github.com/SwiftyJSON/SwiftyJSON.git";
			requirement = {
				kind = upToNextMajorVersion;
				minimumVersion = 5.0.0;
			};
		};
		8D5FAE75288DB41E00F2722F /* XCRemoteSwiftPackageReference "Resolver" */ = {
			isa = XCRemoteSwiftPackageReference;
			repositoryURL = "https://github.com/hmlongco/Resolver.git";
			requirement = {
				kind = upToNextMajorVersion;
				minimumVersion = 1.0.0;
			};
		};
		8DE5D7472894FAB200E6CE46 /* XCRemoteSwiftPackageReference "Veximoji" */ = {
			isa = XCRemoteSwiftPackageReference;
			repositoryURL = "https://github.com/roz0n/Veximoji.git";
			requirement = {
				kind = upToNextMajorVersion;
				minimumVersion = 2.0.0;
			};
		};
		8DEC6C41289107A200D1BDD5 /* XCRemoteSwiftPackageReference "Alamofire" */ = {
			isa = XCRemoteSwiftPackageReference;
			repositoryURL = "https://github.com/Alamofire/Alamofire.git";
			requirement = {
				kind = upToNextMajorVersion;
				minimumVersion = 5.0.0;
			};
		};
/* End XCRemoteSwiftPackageReference section */

/* Begin XCSwiftPackageProductDependency section */
		8D2BA69128873A6A00A8FBC7 /* SwiftyJSON */ = {
			isa = XCSwiftPackageProductDependency;
			package = 8D2BA69028873A6A00A8FBC7 /* XCRemoteSwiftPackageReference "SwiftyJSON" */;
			productName = SwiftyJSON;
		};
		8D5FAE76288DB41E00F2722F /* Resolver */ = {
			isa = XCSwiftPackageProductDependency;
			package = 8D5FAE75288DB41E00F2722F /* XCRemoteSwiftPackageReference "Resolver" */;
			productName = Resolver;
		};
		8DE5D7482894FAB200E6CE46 /* Veximoji */ = {
			isa = XCSwiftPackageProductDependency;
			package = 8DE5D7472894FAB200E6CE46 /* XCRemoteSwiftPackageReference "Veximoji" */;
			productName = Veximoji;
		};
		8DEC6C42289107A200D1BDD5 /* Alamofire */ = {
			isa = XCSwiftPackageProductDependency;
			package = 8DEC6C41289107A200D1BDD5 /* XCRemoteSwiftPackageReference "Alamofire" */;
			productName = Alamofire;
		};
/* End XCSwiftPackageProductDependency section */
	};
	rootObject = 8D16359728873604001D7372 /* Project object */;
}
